
Microsoft Visual Studio Solution File, Format Version 12.00
# Visual Studio Version 17
VisualStudioVersion = 17.4.33403.182
MinimumVisualStudioVersion = 10.0.40219.1
Project("{FAE04EC0-301F-11D3-BF4B-00C04F79EFBC}") = "ChapeauUI", "ChapeauUI\ChapeauUI.csproj", "{53F99CCF-AD4A-466C-B58C-A74972301E4E}"
EndProject
Project("{FAE04EC0-301F-11D3-BF4B-00C04F79EFBC}") = "ChapeauService", "ChapeauService\ChapeauService.csproj", "{C9533E4F-30F6-4ABB-86CB-2F02476BB47F}"
EndProject
Project("{FAE04EC0-301F-11D3-BF4B-00C04F79EFBC}") = "ChapeauModel", "ChapeauModel\ChapeauModel.csproj", "{A0EAB553-89EF-4A8D-9844-25AE8D213AA7}"
EndProject
Project("{FAE04EC0-301F-11D3-BF4B-00C04F79EFBC}") = "ChapeauDAL", "ChapeauDAL\ChapeauDAL.csproj", "{EDBFDE4C-081D-48C4-9109-13FF3E4A891E}"
EndProject
Global
	GlobalSection(SolutionConfigurationPlatforms) = preSolution
		Debug|Any CPU = Debug|Any CPU
		Release|Any CPU = Release|Any CPU
	EndGlobalSection
	GlobalSection(ProjectConfigurationPlatforms) = postSolution
		{53F99CCF-AD4A-466C-B58C-A74972301E4E}.Debug|Any CPU.ActiveCfg = Debug|Any CPU
		{53F99CCF-AD4A-466C-B58C-A74972301E4E}.Debug|Any CPU.Build.0 = Debug|Any CPU
		{53F99CCF-AD4A-466C-B58C-A74972301E4E}.Release|Any CPU.ActiveCfg = Release|Any CPU
		{53F99CCF-AD4A-466C-B58C-A74972301E4E}.Release|Any CPU.Build.0 = Release|Any CPU
		{C9533E4F-30F6-4ABB-86CB-2F02476BB47F}.Debug|Any CPU.ActiveCfg = Debug|Any CPU
		{C9533E4F-30F6-4ABB-86CB-2F02476BB47F}.Debug|Any CPU.Build.0 = Debug|Any CPU
		{C9533E4F-30F6-4ABB-86CB-2F02476BB47F}.Release|Any CPU.ActiveCfg = Release|Any CPU
		{C9533E4F-30F6-4ABB-86CB-2F02476BB47F}.Release|Any CPU.Build.0 = Release|Any CPU
		{A0EAB553-89EF-4A8D-9844-25AE8D213AA7}.Debug|Any CPU.ActiveCfg = Debug|Any CPU
		{A0EAB553-89EF-4A8D-9844-25AE8D213AA7}.Debug|Any CPU.Build.0 = Debug|Any CPU
		{A0EAB553-89EF-4A8D-9844-25AE8D213AA7}.Release|Any CPU.ActiveCfg = Release|Any CPU
		{A0EAB553-89EF-4A8D-9844-25AE8D213AA7}.Release|Any CPU.Build.0 = Release|Any CPU
		{EDBFDE4C-081D-48C4-9109-13FF3E4A891E}.Debug|Any CPU.ActiveCfg = Debug|Any CPU
		{EDBFDE4C-081D-48C4-9109-13FF3E4A891E}.Debug|Any CPU.Build.0 = Debug|Any CPU
		{EDBFDE4C-081D-48C4-9109-13FF3E4A891E}.Release|Any CPU.ActiveCfg = Release|Any CPU
		{EDBFDE4C-081D-48C4-9109-13FF3E4A891E}.Release|Any CPU.Build.0 = Release|Any CPU
	EndGlobalSection
	GlobalSection(SolutionProperties) = preSolution
		HideSolutionNode = FALSE
	EndGlobalSection
	GlobalSection(ExtensibilityGlobals) = postSolution
		SolutionGuid = {640C277C-3F29-475C-B570-0B5D26772B83}
	EndGlobalSection
EndGlobal
